Microsoft Visual Studio Solution File, Format Version 12.00
# Visual Studio 14
VisualStudioVersion = 14.0.25420.1
MinimumVisualStudioVersion = 10.0.40219.1
Project("{2150E333-8FDC-42A3-9474-1A3956D46DE8}") = ".paket", ".paket", "{830F1EC7-4FC9-4250-B0A9-619F0A6AC2B7}"
	ProjectSection(SolutionItems) = preProject
		..\..\paket.dependencies = ..\..\paket.dependencies
	EndProjectSection
EndProject
Project("{F2A71F9B-5D33-465A-A702-920D77279786}") = "Fable.Tests", "Fable.Tests.fsproj", "{6EF06954-FBDF-42C7-815C-B13BA2926C93}"
EndProject
Project("{F2A71F9B-5D33-465A-A702-920D77279786}") = "Fable.Tests.Clamp", "Other\Fable.Tests.Clamp.fsproj", "{1E44403B-7834-4842-91B1-53A5FA731C58}"
EndProject
Global
	GlobalSection(SolutionConfigurationPlatforms) = preSolution
		Debug|Any CPU = Debug|Any CPU
		Release|Any CPU = Release|Any CPU
	EndGlobalSection
	GlobalSection(ProjectConfigurationPlatforms) = postSolution
		{6EF06954-FBDF-42C7-815C-B13BA2926C93}.Debug|Any CPU.ActiveCfg = Debug|Any CPU
		{6EF06954-FBDF-42C7-815C-B13BA2926C93}.Debug|Any CPU.Build.0 = Debug|Any CPU
		{6EF06954-FBDF-42C7-815C-B13BA2926C93}.Release|Any CPU.ActiveCfg = Release|Any CPU
		{6EF06954-FBDF-42C7-815C-B13BA2926C93}.Release|Any CPU.Build.0 = Release|Any CPU
		{1E44403B-7834-4842-91B1-53A5FA731C58}.Debug|Any CPU.ActiveCfg = Debug|Any CPU
		{1E44403B-7834-4842-91B1-53A5FA731C58}.Debug|Any CPU.Build.0 = Debug|Any CPU
		{1E44403B-7834-4842-91B1-53A5FA731C58}.Release|Any CPU.ActiveCfg = Release|Any CPU
		{1E44403B-7834-4842-91B1-53A5FA731C58}.Release|Any CPU.Build.0 = Release|Any CPU
	EndGlobalSection
	GlobalSection(SolutionProperties) = preSolution
		HideSolutionNode = FALSE
	EndGlobalSection
EndGlobal
