# This file is automatically @generated by Poetry 1.6.1 and should not be changed by hand.

[[package]]
name = "colorama"
version = "0.4.6"
description = "Cross-platform colored terminal text."
optional = false
python-versions = "!=3.0.*,!=3.1.*,!=3.2.*,!=3.3.*,!=3.4.*,!=3.5.*,!=3.6.*,>=2.7"
files = [
    {file = "colorama-0.4.6-py2.py3-none-any.whl", hash = "sha256:4f1d9991f5acc0ca119f9d443620b77f9d6b33703e51011c16baf57afb285fc6"},
    {file = "colorama-0.4.6.tar.gz", hash = "sha256:08695f5cb7ed6e0531a20572697297273c47b8cae5a63ffc6d6ed5c201be6e44"},
]

[[package]]
name = "exceptiongroup"
version = "1.1.3"
description = "Backport of PEP 654 (exception groups)"
optional = false
python-versions = ">=3.7"
files = [
    {file = "exceptiongroup-1.1.3-py3-none-any.whl", hash = "sha256:343280667a4585d195ca1cf9cef84a4e178c4b6cf2274caef9859782b567d5e3"},
    {file = "exceptiongroup-1.1.3.tar.gz", hash = "sha256:097acd85d473d75af5bb98e41b61ff7fe35efe6675e4f9370ec6ec5126d160e9"},
]

[package.extras]
test = ["pytest (>=6)"]

[[package]]
name = "iniconfig"
version = "2.0.0"
description = "brain-dead simple config-ini parsing"
optional = false
python-versions = ">=3.7"
files = [
    {file = "iniconfig-2.0.0-py3-none-any.whl", hash = "sha256:b6a85871a79d2e3b22d2d1b94ac2824226a63c6b741c88f7ae975f18b6778374"},
    {file = "iniconfig-2.0.0.tar.gz", hash = "sha256:2d91e135bf72d31a410b17c16da610a82cb55f6b0477d1a902134b24a455b8b3"},
]

[[package]]
name = "packaging"
version = "23.2"
description = "Core utilities for Python packages"
optional = false
python-versions = ">=3.7"
files = [
    {file = "packaging-23.2-py3-none-any.whl", hash = "sha256:8c491190033a9af7e1d931d0b5dacc2ef47509b34dd0de67ed209b5203fc88c7"},
    {file = "packaging-23.2.tar.gz", hash = "sha256:048fb0e9405036518eaaf48a55953c750c11e1a1b68e0dd1a9d62ed0c092cfc5"},
]

[[package]]
name = "pluggy"
version = "1.3.0"
description = "plugin and hook calling mechanisms for python"
optional = false
python-versions = ">=3.8"
files = [
    {file = "pluggy-1.3.0-py3-none-any.whl", hash = "sha256:d89c696a773f8bd377d18e5ecda92b7a3793cbe66c87060a6fb58c7b6e1061f7"},
    {file = "pluggy-1.3.0.tar.gz", hash = "sha256:cf61ae8f126ac6f7c451172cf30e3e43d3ca77615509771b3a984a0730651e12"},
]

[package.extras]
dev = ["pre-commit", "tox"]
testing = ["pytest", "pytest-benchmark"]

[[package]]
name = "pytest"
version = "7.4.3"
description = "pytest: simple powerful testing with Python"
optional = false
python-versions = ">=3.7"
files = [
    {file = "pytest-7.4.3-py3-none-any.whl", hash = "sha256:0d009c083ea859a71b76adf7c1d502e4bc170b80a8ef002da5806527b9591fac"},
    {file = "pytest-7.4.3.tar.gz", hash = "sha256:d989d136982de4e3b29dabcc838ad581c64e8ed52c11fbe86ddebd9da0818cd5"},
]

[package.dependencies]
colorama = {version = "*", markers = "sys_platform == \"win32\""}
exceptiongroup = {version = ">=1.0.0rc8", markers = "python_version < \"3.11\""}
iniconfig = "*"
packaging = "*"
pluggy = ">=0.12,<2.0"
tomli = {version = ">=1.0.0", markers = "python_version < \"3.11\""}

[package.extras]
testing = ["argcomplete", "attrs (>=19.2.0)", "hypothesis (>=3.56)", "mock", "nose", "pygments (>=2.7.2)", "requests", "setuptools", "xmlschema"]

[[package]]
name = "python-dateutil"
version = "2.8.2"
description = "Extensions to the standard Python datetime module"
optional = false
python-versions = "!=3.0.*,!=3.1.*,!=3.2.*,>=2.7"
files = [
    {file = "python-dateutil-2.8.2.tar.gz", hash = "sha256:0123cacc1627ae19ddf3c27a5de5bd67ee4586fbdd6440d9748f8abb483d3e86"},
    {file = "python_dateutil-2.8.2-py2.py3-none-any.whl", hash = "sha256:961d03dc3453ebbc59dbdea9e4e11c5651520a876d0f4db161e8674aae935da9"},
]

[package.dependencies]
six = ">=1.5"

[[package]]
name = "ruff"
version = "0.1.5"
description = "An extremely fast Python linter and code formatter, written in Rust."
optional = false
python-versions = ">=3.7"
files = [
    {file = "ruff-0.1.5-py3-none-macosx_10_7_x86_64.whl", hash = "sha256:32d47fc69261c21a4c48916f16ca272bf2f273eb635d91c65d5cd548bf1f3d96"},
    {file = "ruff-0.1.5-py3-none-macosx_10_9_x86_64.macosx_11_0_arm64.macosx_10_9_universal2.whl", hash = "sha256:171276c1df6c07fa0597fb946139ced1c2978f4f0b8254f201281729981f3c17"},
    {file = "ruff-0.1.5-py3-none-manylinux_2_17_aarch64.manylinux2014_aarch64.whl", hash = "sha256:17ef33cd0bb7316ca65649fc748acc1406dfa4da96a3d0cde6d52f2e866c7b39"},
    {file = "ruff-0.1.5-py3-none-manylinux_2_17_armv7l.manylinux2014_armv7l.whl", hash = "sha256:b2c205827b3f8c13b4a432e9585750b93fd907986fe1aec62b2a02cf4401eee6"},
    {file = "ruff-0.1.5-py3-none-manylinux_2_17_i686.manylinux2014_i686.whl", hash = "sha256:bb408e3a2ad8f6881d0f2e7ad70cddb3ed9f200eb3517a91a245bbe27101d379"},
    {file = "ruff-0.1.5-py3-none-manylinux_2_17_ppc64.manylinux2014_ppc64.whl", hash = "sha256:f20dc5e5905ddb407060ca27267c7174f532375c08076d1a953cf7bb016f5a24"},
    {file = "ruff-0.1.5-py3-none-manylinux_2_17_ppc64le.manylinux2014_ppc64le.whl", hash = "sha256:aafb9d2b671ed934998e881e2c0f5845a4295e84e719359c71c39a5363cccc91"},
    {file = "ruff-0.1.5-py3-none-manylinux_2_17_s390x.manylinux2014_s390x.whl", hash = "sha256:a4894dddb476597a0ba4473d72a23151b8b3b0b5f958f2cf4d3f1c572cdb7af7"},
    {file = "ruff-0.1.5-py3-none-manylinux_2_17_x86_64.manylinux2014_x86_64.whl", hash = "sha256:a00a7ec893f665ed60008c70fe9eeb58d210e6b4d83ec6654a9904871f982a2a"},
    {file = "ruff-0.1.5-py3-none-musllinux_1_2_aarch64.whl", hash = "sha256:a8c11206b47f283cbda399a654fd0178d7a389e631f19f51da15cbe631480c5b"},
    {file = "ruff-0.1.5-py3-none-musllinux_1_2_armv7l.whl", hash = "sha256:fa29e67b3284b9a79b1a85ee66e293a94ac6b7bb068b307a8a373c3d343aa8ec"},
    {file = "ruff-0.1.5-py3-none-musllinux_1_2_i686.whl", hash = "sha256:9b97fd6da44d6cceb188147b68db69a5741fbc736465b5cea3928fdac0bc1aeb"},
    {file = "ruff-0.1.5-py3-none-musllinux_1_2_x86_64.whl", hash = "sha256:721f4b9d3b4161df8dc9f09aa8562e39d14e55a4dbaa451a8e55bdc9590e20f4"},
    {file = "ruff-0.1.5-py3-none-win32.whl", hash = "sha256:f80c73bba6bc69e4fdc73b3991db0b546ce641bdcd5b07210b8ad6f64c79f1ab"},
    {file = "ruff-0.1.5-py3-none-win_amd64.whl", hash = "sha256:c21fe20ee7d76206d290a76271c1af7a5096bc4c73ab9383ed2ad35f852a0087"},
    {file = "ruff-0.1.5-py3-none-win_arm64.whl", hash = "sha256:82bfcb9927e88c1ed50f49ac6c9728dab3ea451212693fe40d08d314663e412f"},
    {file = "ruff-0.1.5.tar.gz", hash = "sha256:5cbec0ef2ae1748fb194f420fb03fb2c25c3258c86129af7172ff8f198f125ab"},
]

[[package]]
name = "six"
version = "1.16.0"
description = "Python 2 and 3 compatibility utilities"
optional = false
python-versions = ">=2.7, !=3.0.*, !=3.1.*, !=3.2.*"
files = [
    {file = "six-1.16.0-py2.py3-none-any.whl", hash = "sha256:8abb2f1d86890a2dfb989f9a77cfcfd3e47c2a354b01111771326f8aa26e0254"},
    {file = "six-1.16.0.tar.gz", hash = "sha256:1e61c37477a1626458e36f7b1d82aa5c9b094fa4802892072e49de9c60c4c926"},
]

[[package]]
name = "tomli"
version = "2.0.1"
description = "A lil' TOML parser"
optional = false
python-versions = ">=3.7"
files = [
    {file = "tomli-2.0.1-py3-none-any.whl", hash = "sha256:939de3e7a6161af0c887ef91b7d41a53e7c5a1ca976325f429cb46ea9bc30ecc"},
    {file = "tomli-2.0.1.tar.gz", hash = "sha256:de526c12914f0c550d15924c62d72abc48d6fe7364aa87328337a31007fe8a4f"},
]

[metadata]
lock-version = "2.0"
python-versions = ">= 3.10, < 4.0"
content-hash = "6b6bf16118c8a63579d3a48c617e605251d39ad7b6c13576bfbb9c72c9576ec2"
