{
  "name": "fable-loader",
  "version": "2.1.9",
  "lockfileVersion": 1,
  "requires": true,
  "dependencies": {
    "@babel/helper-validator-identifier": {
      "version": "7.10.3",
      "resolved": "https://registry.npmjs.org/@babel/helper-validator-identifier/-/helper-validator-identifier-7.10.3.tgz",
      "integrity": "sha512-bU8JvtlYpJSBPuj1VUmKpFGaDZuLxASky3LhaKj3bmpSTY6VWooSM8msk+Z0CZoErFye2tlABF6yDkT3FOPAXw==",
      "dev": true
    },
    "@babel/parser": {
      "version": "7.10.3",
      "resolved": "https://registry.npmjs.org/@babel/parser/-/parser-7.10.3.tgz",
      "integrity": "sha512-oJtNJCMFdIMwXGmx+KxuaD7i3b8uS7TTFYW/FNG2BT8m+fmGHoiPYoH0Pe3gya07WuFmM5FCDIr1x0irkD/hyA==",
      "dev": true
    },
    "@babel/types": {
      "version": "7.10.3",
      "resolved": "https://registry.npmjs.org/@babel/types/-/types-7.10.3.tgz",
      "integrity": "sha512-nZxaJhBXBQ8HVoIcGsf9qWep3Oh3jCENK54V4mRF7qaJabVsAYdbTtmSD8WmAp1R6ytPiu5apMwSXyxB1WlaBA==",
      "dev": true,
      "requires": {
        "@babel/helper-validator-identifier": "^7.10.3",
        "lodash": "^4.17.13",
        "to-fast-properties": "^2.0.0"
      }
    },
    "@types/babel__core": {
      "version": "7.1.9",
      "resolved": "https://registry.npmjs.org/@types/babel__core/-/babel__core-7.1.9.tgz",
      "integrity": "sha512-sY2RsIJ5rpER1u3/aQ8OFSI7qGIy8o1NEEbgb2UaJcvOtXOMpd39ko723NBpjQFg9SIX7TXtjejZVGeIMLhoOw==",
      "dev": true,
      "requires": {
        "@babel/parser": "^7.1.0",
        "@babel/types": "^7.0.0",
        "@types/babel__generator": "*",
        "@types/babel__template": "*",
        "@types/babel__traverse": "*"
      }
    },
    "@types/babel__generator": {
      "version": "7.6.1",
      "resolved": "https://registry.npmjs.org/@types/babel__generator/-/babel__generator-7.6.1.tgz",
      "integrity": "sha512-bBKm+2VPJcMRVwNhxKu8W+5/zT7pwNEqeokFOmbvVSqGzFneNxYcEBro9Ac7/N9tlsaPYnZLK8J1LWKkMsLAew==",
      "dev": true,
      "requires": {
        "@babel/types": "^7.0.0"
      }
    },
    "@types/babel__template": {
      "version": "7.0.2",
      "resolved": "https://registry.npmjs.org/@types/babel__template/-/babel__template-7.0.2.tgz",
      "integrity": "sha512-/K6zCpeW7Imzgab2bLkLEbz0+1JlFSrUMdw7KoIIu+IUdu51GWaBZpd3y1VXGVXzynvGa4DaIaxNZHiON3GXUg==",
      "dev": true,
      "requires": {
        "@babel/parser": "^7.1.0",
        "@babel/types": "^7.0.0"
      }
    },
    "@types/babel__traverse": {
      "version": "7.0.12",
      "resolved": "https://registry.npmjs.org/@types/babel__traverse/-/babel__traverse-7.0.12.tgz",
      "integrity": "sha512-t4CoEokHTfcyfb4hUaF9oOHu9RmmNWnm1CP0YmMqOOfClKascOmvlEM736vlqeScuGvBDsHkf8R2INd4DWreQA==",
      "dev": true,
      "requires": {
        "@babel/types": "^7.3.0"
      }
    },
    "fable-babel-plugins": {
      "version": "2.3.0",
      "resolved": "https://registry.npmjs.org/fable-babel-plugins/-/fable-babel-plugins-2.3.0.tgz",
      "integrity": "sha512-alGBNw5HZJzTEznXKfypFEkD5aWsspbCcoVDu9j8Mqdi77dgp4BSjhYSg61mQEg9UluIAZxRM5lhGARYbU97DQ=="
    },
    "lodash": {
      "version": "4.17.15",
      "resolved": "https://registry.npmjs.org/lodash/-/lodash-4.17.15.tgz",
      "integrity": "sha512-8xOcRHvCjnocdS5cpwXQXVzmmh5e5+saE2QGoeQmbKmRS6J3VQppPOIt0MnmE+4xlZoumy0GPG0D0MVIQbNA1A==",
      "dev": true
    },
    "to-fast-properties": {
      "version": "2.0.0",
      "resolved": "https://registry.npmjs.org/to-fast-properties/-/to-fast-properties-2.0.0.tgz",
      "integrity": "sha1-3F5pjL0HkmW8c+A3doGk5Og/YW4=",
      "dev": true
    }
  }
}
