
Microsoft Visual Studio Solution File, Format Version 12.00
# Visual Studio 15
VisualStudioVersion = 15.0.28307.106
MinimumVisualStudioVersion = 10.0.40219.1
Project("{6EC3EE1D-3C4E-46DD-8F32-0CC8E7565705}") = "fcs-fable-bench", "fcs-fable-bench.fsproj", "{83F34C34-6804-4436-923E-E2C539AA59F0}"
EndProject
Project("{6EC3EE1D-3C4E-46DD-8F32-0CC8E7565705}") = "fcs-fable", "../../fcs-fable.fsproj", "{7D5BC9E3-CEE5-4E1B-BF4E-67553841FD37}"
EndProject
Project("{6EC3EE1D-3C4E-46DD-8F32-0CC8E7565705}") = "fcs-fable-test", "../fcs-fable-test.fsproj", "{C270F69E-224E-4438-8EF3-5AB59FF11453}"
EndProject
Global
	GlobalSection(SolutionConfigurationPlatforms) = preSolution
		Debug|Any CPU = Debug|Any CPU
		Release|Any CPU = Release|Any CPU
	EndGlobalSection
	GlobalSection(ProjectConfigurationPlatforms) = postSolution
		{83F34C34-6804-4436-923E-E2C539AA59F0}.Debug|Any CPU.ActiveCfg = Debug|Any CPU
		{83F34C34-6804-4436-923E-E2C539AA59F0}.Debug|Any CPU.Build.0 = Debug|Any CPU
		{83F34C34-6804-4436-923E-E2C539AA59F0}.Release|Any CPU.ActiveCfg = Release|Any CPU
		{83F34C34-6804-4436-923E-E2C539AA59F0}.Release|Any CPU.Build.0 = Release|Any CPU
		{7D5BC9E3-CEE5-4E1B-BF4E-67553841FD37}.Debug|Any CPU.ActiveCfg = Debug|Any CPU
		{7D5BC9E3-CEE5-4E1B-BF4E-67553841FD37}.Debug|Any CPU.Build.0 = Debug|Any CPU
		{7D5BC9E3-CEE5-4E1B-BF4E-67553841FD37}.Release|Any CPU.ActiveCfg = Release|Any CPU
		{7D5BC9E3-CEE5-4E1B-BF4E-67553841FD37}.Release|Any CPU.Build.0 = Release|Any CPU
		{C270F69E-224E-4438-8EF3-5AB59FF11453}.Debug|Any CPU.ActiveCfg = Debug|Any CPU
		{C270F69E-224E-4438-8EF3-5AB59FF11453}.Debug|Any CPU.Build.0 = Debug|Any CPU
		{C270F69E-224E-4438-8EF3-5AB59FF11453}.Release|Any CPU.ActiveCfg = Release|Any CPU
		{C270F69E-224E-4438-8EF3-5AB59FF11453}.Release|Any CPU.Build.0 = Release|Any CPU
	EndGlobalSection
	GlobalSection(SolutionProperties) = preSolution
		HideSolutionNode = FALSE
	EndGlobalSection
	GlobalSection(ExtensibilityGlobals) = postSolution
		SolutionGuid = {BC5C2845-7FCA-4814-93C2-F5910096D973}
	EndGlobalSection
EndGlobal
