
Microsoft Visual Studio Solution File, Format Version 12.00
# Visual Studio 14
VisualStudioVersion = 14.0.25420.1
MinimumVisualStudioVersion = 10.0.40219.1
Project("{F2A71F9B-5D33-465A-A702-920D77279786}") = "Fable.JsonConverter", "Fable.JsonConverter\Fable.JsonConverter.fsproj", "{72CE360C-9517-4A43-9AE0-0253AF6CC7F9}"
EndProject
Project("{F2A71F9B-5D33-465A-A702-920D77279786}") = "Fable.JsonConverter.Tests", "Fable.JsonConverter.Tests\Fable.JsonConverter.Tests.fsproj", "{D8EA1714-A596-42D0-B39E-1D5FD12B4AB3}"
EndProject
Global
	GlobalSection(SolutionConfigurationPlatforms) = preSolution
		Debug|Any CPU = Debug|Any CPU
		Release|Any CPU = Release|Any CPU
	EndGlobalSection
	GlobalSection(ProjectConfigurationPlatforms) = postSolution
		{72CE360C-9517-4A43-9AE0-0253AF6CC7F9}.Debug|Any CPU.ActiveCfg = Debug|Any CPU
		{72CE360C-9517-4A43-9AE0-0253AF6CC7F9}.Debug|Any CPU.Build.0 = Debug|Any CPU
		{72CE360C-9517-4A43-9AE0-0253AF6CC7F9}.Release|Any CPU.ActiveCfg = Release|Any CPU
		{72CE360C-9517-4A43-9AE0-0253AF6CC7F9}.Release|Any CPU.Build.0 = Release|Any CPU
		{D8EA1714-A596-42D0-B39E-1D5FD12B4AB3}.Debug|Any CPU.ActiveCfg = Debug|Any CPU
		{D8EA1714-A596-42D0-B39E-1D5FD12B4AB3}.Debug|Any CPU.Build.0 = Debug|Any CPU
		{D8EA1714-A596-42D0-B39E-1D5FD12B4AB3}.Release|Any CPU.ActiveCfg = Release|Any CPU
		{D8EA1714-A596-42D0-B39E-1D5FD12B4AB3}.Release|Any CPU.Build.0 = Release|Any CPU
	EndGlobalSection
	GlobalSection(SolutionProperties) = preSolution
		HideSolutionNode = FALSE
	EndGlobalSection
EndGlobal
