
Microsoft Visual Studio Solution File, Format Version 12.00
# Visual Studio 15
VisualStudioVersion = 15.0.26403.3
MinimumVisualStudioVersion = 10.0.40219.1
Project("{F2A71F9B-5D33-465A-A702-920D77279786}") = "Fable.Tools", "Fable.Tools\Fable.Tools.fsproj", "{F6F9FD93-9F6D-4EA0-B7F8-689B2FC0277C}"
EndProject
Global
	GlobalSection(SolutionConfigurationPlatforms) = preSolution
		Debug|Any CPU = Debug|Any CPU
		Release|Any CPU = Release|Any CPU
	EndGlobalSection
	GlobalSection(ProjectConfigurationPlatforms) = postSolution
		{F6F9FD93-9F6D-4EA0-B7F8-689B2FC0277C}.Debug|Any CPU.ActiveCfg = Debug|Any CPU
		{F6F9FD93-9F6D-4EA0-B7F8-689B2FC0277C}.Debug|Any CPU.Build.0 = Debug|Any CPU
		{F6F9FD93-9F6D-4EA0-B7F8-689B2FC0277C}.Release|Any CPU.ActiveCfg = Release|Any CPU
		{F6F9FD93-9F6D-4EA0-B7F8-689B2FC0277C}.Release|Any CPU.Build.0 = Release|Any CPU
	EndGlobalSection
	GlobalSection(SolutionProperties) = preSolution
		HideSolutionNode = FALSE
	EndGlobalSection
EndGlobal
