
Microsoft Visual Studio Solution File, Format Version 12.00
# Visual Studio 15
VisualStudioVersion = 15.0.26430.6
MinimumVisualStudioVersion = 10.0.40219.1
Project("{F2A71F9B-5D33-465A-A702-920D77279786}") = "Fable.Core", "Fable.Core\Fable.Core.fsproj", "{217649A6-DEA7-40A6-B4FD-37D92D06AA44}"
EndProject
Project("{F2A71F9B-5D33-465A-A702-920D77279786}") = "Fable.Compiler", "Fable.Compiler\Fable.Compiler.fsproj", "{3D5DE1EE-22D2-4ADD-B1BF-530C9ECDD1B0}"
EndProject
Project("{F2A71F9B-5D33-465A-A702-920D77279786}") = "Fable.CLI", "Fable.CLI\Fable.CLI.fsproj", "{457FDF8C-049D-4F84-A8E6-DBE9AE4D6A06}"
EndProject
Global
	GlobalSection(SolutionConfigurationPlatforms) = preSolution
		Debug|Any CPU = Debug|Any CPU
		Release|Any CPU = Release|Any CPU
	EndGlobalSection
	GlobalSection(ProjectConfigurationPlatforms) = postSolution
		{217649A6-DEA7-40A6-B4FD-37D92D06AA44}.Debug|Any CPU.ActiveCfg = Debug|Any CPU
		{217649A6-DEA7-40A6-B4FD-37D92D06AA44}.Debug|Any CPU.Build.0 = Debug|Any CPU
		{217649A6-DEA7-40A6-B4FD-37D92D06AA44}.Release|Any CPU.ActiveCfg = Release|Any CPU
		{217649A6-DEA7-40A6-B4FD-37D92D06AA44}.Release|Any CPU.Build.0 = Release|Any CPU
		{3D5DE1EE-22D2-4ADD-B1BF-530C9ECDD1B0}.Debug|Any CPU.ActiveCfg = Debug|Any CPU
		{3D5DE1EE-22D2-4ADD-B1BF-530C9ECDD1B0}.Debug|Any CPU.Build.0 = Debug|Any CPU
		{3D5DE1EE-22D2-4ADD-B1BF-530C9ECDD1B0}.Release|Any CPU.ActiveCfg = Release|Any CPU
		{3D5DE1EE-22D2-4ADD-B1BF-530C9ECDD1B0}.Release|Any CPU.Build.0 = Release|Any CPU
		{457FDF8C-049D-4F84-A8E6-DBE9AE4D6A06}.Debug|Any CPU.ActiveCfg = Debug|Any CPU
		{457FDF8C-049D-4F84-A8E6-DBE9AE4D6A06}.Debug|Any CPU.Build.0 = Debug|Any CPU
		{457FDF8C-049D-4F84-A8E6-DBE9AE4D6A06}.Release|Any CPU.ActiveCfg = Release|Any CPU
		{457FDF8C-049D-4F84-A8E6-DBE9AE4D6A06}.Release|Any CPU.Build.0 = Release|Any CPU
	EndGlobalSection
	GlobalSection(SolutionProperties) = preSolution
		HideSolutionNode = FALSE
	EndGlobalSection
EndGlobal
